{
  "name": "bristol-bus-pulse",
  "version": "1.0.0",
  "lockfileVersion": 3,
  "requires": true,
  "packages": {
    "": {
      "name": "bristol-bus-pulse",
      "version": "1.0.0",
      "dependencies": {
        "react": "^18.2.0",
        "react-dom": "^18.2.0",
        "next": "^14.0.0",
        "maplibre-gl": "^4.0.0",
        "recharts": "^2.10.0",
        "axios": "^1.6.0",
        "clsx": "^2.0.0",
        "date-fns": "^2.30.0",
        "react-icons": "^4.12.0"
      }
    }
  }
}
